Microsoft Visual Studio Solution File, Format Version 12.00
# Visual Studio Version 18
VisualStudioVersion = 18.3.11206.111
MinimumVisualStudioVersion = 10.0.40219.1
Project("{2150E333-8FDC-42A3-9474-1A3956D46DE8}") = "src", "src", "{DE81D022-A10B-43DB-B589-D8B296023233}"
EndProject
Project("{2150E333-8FDC-42A3-9474-1A3956D46DE8}") = "tests", "tests", "{6D6BBECE-D72F-461D-9F87-E1797AFD6C32}"
EndProject
Project("{FAE04EC0-301F-11D3-BF4B-00C04F79EFBC}") = "ItchIoApi", "src\ItchIoApi\ItchIoApi.csproj", "{57E4441B-7726-D15E-C489-9758470CEB55}"
EndProject
Project("{FAE04EC0-301F-11D3-BF4B-00C04F79EFBC}") = "ItchIoApi.Tests", "tests\ItchIoApi.Tests\ItchIoApi.Tests.csproj", "{1C96729B-EAD3-2E4E-F95F-10D95B661CB3}"
EndProject
Global
	GlobalSection(SolutionConfigurationPlatforms) = preSolution
		Debug|Any CPU = Debug|Any CPU
		Release|Any CPU = Release|Any CPU
	EndGlobalSection
	GlobalSection(ProjectConfigurationPlatforms) = postSolution
		{57E4441B-7726-D15E-C489-9758470CEB55}.Debug|Any CPU.ActiveCfg = Debug|Any CPU
		{57E4441B-7726-D15E-C489-9758470CEB55}.Debug|Any CPU.Build.0 = Debug|Any CPU
		{57E4441B-7726-D15E-C489-9758470CEB55}.Release|Any CPU.ActiveCfg = Release|Any CPU
		{57E4441B-7726-D15E-C489-9758470CEB55}.Release|Any CPU.Build.0 = Release|Any CPU
		{1C96729B-EAD3-2E4E-F95F-10D95B661CB3}.Debug|Any CPU.ActiveCfg = Debug|Any CPU
		{1C96729B-EAD3-2E4E-F95F-10D95B661CB3}.Debug|Any CPU.Build.0 = Debug|Any CPU
		{1C96729B-EAD3-2E4E-F95F-10D95B661CB3}.Release|Any CPU.ActiveCfg = Release|Any CPU
		{1C96729B-EAD3-2E4E-F95F-10D95B661CB3}.Release|Any CPU.Build.0 = Release|Any CPU
	EndGlobalSection
	GlobalSection(SolutionProperties) = preSolution
		HideSolutionNode = FALSE
	EndGlobalSection
	GlobalSection(NestedProjects) = preSolution
		{57E4441B-7726-D15E-C489-9758470CEB55} = {DE81D022-A10B-43DB-B589-D8B296023233}
		{1C96729B-EAD3-2E4E-F95F-10D95B661CB3} = {6D6BBECE-D72F-461D-9F87-E1797AFD6C32}
	EndGlobalSection
	GlobalSection(ExtensibilityGlobals) = postSolution
		SolutionGuid = {A6FE2AF5-5043-485F-BC40-34CCB653A5A4}
	EndGlobalSection
EndGlobal
